
Microsoft Visual Studio Solution File, Format Version 12.00
# Visual Studio Version 17
VisualStudioVersion = 17.3.32922.545
MinimumVisualStudioVersion = 10.0.40219.1
Project("{FAE04EC0-301F-11D3-BF4B-00C04F79EFBC}") = "HomeAccounting.Api", "HomeAccounting.Api\HomeAccounting.Api.csproj", "{8022C7DB-EB0A-48FA-B0BA-D8787C46D95E}"
EndProject
Global
	GlobalSection(SolutionConfigurationPlatforms) = preSolution
		Debug|Any CPU = Debug|Any CPU
		Release|Any CPU = Release|Any CPU
	EndGlobalSection
	GlobalSection(ProjectConfigurationPlatforms) = postSolution
		{8022C7DB-EB0A-48FA-B0BA-D8787C46D95E}.Debug|Any CPU.ActiveCfg = Debug|Any CPU
		{8022C7DB-EB0A-48FA-B0BA-D8787C46D95E}.Debug|Any CPU.Build.0 = Debug|Any CPU
		{8022C7DB-EB0A-48FA-B0BA-D8787C46D95E}.Release|Any CPU.ActiveCfg = Release|Any CPU
		{8022C7DB-EB0A-48FA-B0BA-D8787C46D95E}.Release|Any CPU.Build.0 = Release|Any CPU
	EndGlobalSection
	GlobalSection(SolutionProperties) = preSolution
		HideSolutionNode = FALSE
	EndGlobalSection
	GlobalSection(ExtensibilityGlobals) = postSolution
		SolutionGuid = {64F78301-A434-4B14-89D8-1EF62DFBEA58}
	EndGlobalSection
EndGlobal
